// !$*UTF8*$!
{
	archiveVersion = 1;
	classes = {
	};
	objectVersion = 46;
	objects = {

/* Begin PBXBuildFile section */
		38A970D61CC5F892002DBB07 /* AppDelegate.swift in Sources */ = {isa = PBXBuildFile; fileRef = 38A970D51CC5F892002DBB07 /* AppDelegate.swift */; };
		38A970D81CC5F892002DBB07 /* ViewController.swift in Sources */ = {isa = PBXBuildFile; fileRef = 38A970D71CC5F892002DBB07 /* ViewController.swift */; };
		38A970DB1CC5F892002DBB07 /* Main.storyboard in Resources */ = {isa = PBXBuildFile; fileRef = 38A970D91CC5F892002DBB07 /* Main.storyboard */; };
		38A970DD1CC5F892002DBB07 /* Assets.xcassets in Resources */ = {isa = PBXBuildFile; fileRef = 38A970DC1CC5F892002DBB07 /* Assets.xcassets */; };
		38A970E01CC5F892002DBB07 /* LaunchScreen.storyboard in Resources */ = {isa = PBXBuildFile; fileRef = 38A970DE1CC5F892002DBB07 /* LaunchScreen.storyboard */; };
		38A970EA1CC670E3002DBB07 /* GameScene.swift in Sources */ = {isa = PBXBuildFile; fileRef = 38A970E91CC670E3002DBB07 /* GameScene.swift */; };
		38A970EC1CC68411002DBB07 /* Card.swift in Sources */ = {isa = PBXBuildFile; fileRef = 38A970EB1CC68411002DBB07 /* Card.swift */; };
/* End PBXBuildFile section */

/* Begin PBXFileReference section */
		38A970D21CC5F892002DBB07 /* CardGameSampel.app */ = {isa = PBXFileReference; explicitFileType = wrapper.application; includeInIndex = 0; path = CardGameSampel.app; sourceTree = BUILT_PRODUCTS_DIR; };
		38A970D51CC5F892002DBB07 /* AppDelegate.swift */ = {isa = PBXFileReference; lastKnownFileType = sourcecode.swift; path = AppDelegate.swift; sourceTree = "<group>"; };
		38A970D71CC5F892002DBB07 /* ViewController.swift */ = {isa = PBXFileReference; lastKnownFileType = sourcecode.swift; path = ViewController.swift; sourceTree = "<group>"; };
		38A970DA1CC5F892002DBB07 /* Base */ = {isa = PBXFileReference; lastKnownFileType = file.storyboard; name = Base; path = Base.lproj/Main.storyboard; sourceTree = "<group>"; };
		38A970DC1CC5F892002DBB07 /* Assets.xcassets */ = {isa = PBXFileReference; lastKnownFileType = folder.assetcatalog; path = Assets.xcassets; sourceTree = "<group>"; };
		38A970DF1CC5F892002DBB07 /* Base */ = {isa = PBXFileReference; lastKnownFileType = file.storyboard; name = Base; path = Base.lproj/LaunchScreen.storyboard; sourceTree = "<group>"; };
		38A970E11CC5F892002DBB07 /* Info.plist */ = {isa = PBXFileReference; lastKnownFileType = text.plist.xml; path = Info.plist; sourceTree = "<group>"; };
		38A970E91CC670E3002DBB07 /* GameScene.swift */ = {isa = PBXFileReference; fileEncoding = 4; lastKnownFileType = sourcecode.swift; path = GameScene.swift; sourceTree = "<group>"; };
		38A970EB1CC68411002DBB07 /* Card.swift */ = {isa = PBXFileReference; fileEncoding = 4; lastKnownFileType = sourcecode.swift; path = Card.swift; sourceTree = "<group>"; };
/* End PBXFileReference section */

/* Begin PBXFrameworksBuildPhase section */
		38A970CF1CC5F891002DBB07 /* Frameworks */ = {
			isa = PBXFrameworksBuildPhase;
			buildActionMask = 2147483647;
			files = (
			);
			runOnlyForDeploymentPostprocessing = 0;
		};
/* End PBXFrameworksBuildPhase section */

/* Begin PBXGroup section */
		38A970C91CC5F891002DBB07 = {
			isa = PBXGroup;
			children = (
				38A970D41CC5F892002DBB07 /* CardGameSampel */,
				38A970D31CC5F892002DBB07 /* Products */,
			);
			sourceTree = "<group>";
		};
		38A970D31CC5F892002DBB07 /* Products */ = {
			isa = PBXGroup;
			children = (
				38A970D21CC5F892002DBB07 /* CardGameSampel.app */,
			);
			name = Products;
			sourceTree = "<group>";
		};
		38A970D41CC5F892002DBB07 /* CardGameSampel */ = {
			isa = PBXGroup;
			children = (
				38A970D51CC5F892002DBB07 /* AppDelegate.swift */,
				38A970D71CC5F892002DBB07 /* ViewController.swift */,
				38A970D91CC5F892002DBB07 /* Main.storyboard */,
				38A970DC1CC5F892002DBB07 /* Assets.xcassets */,
				38A970DE1CC5F892002DBB07 /* LaunchScreen.storyboard */,
				38A970E11CC5F892002DBB07 /* Info.plist */,
				38A970E91CC670E3002DBB07 /* GameScene.swift */,
				38A970EB1CC68411002DBB07 /* Card.swift */,
			);
			path = CardGameSampel;
			sourceTree = "<group>";
		};
/* End PBXGroup section */

/* Begin PBXNativeTarget section */
		38A970D11CC5F891002DBB07 /* CardGameSampel */ = {
			isa = PBXNativeTarget;
			buildConfigurationList = 38A970E41CC5F892002DBB07 /* Build configuration list for PBXNativeTarget "CardGameSampel" */;
			buildPhases = (
				38A970CE1CC5F891002DBB07 /* Sources */,
				38A970CF1CC5F891002DBB07 /* Frameworks */,
				38A970D01CC5F891002DBB07 /* Resources */,
			);
			buildRules = (
			);
			dependencies = (
			);
			name = CardGameSampel;
			productName = CardGameSampel;
			productReference = 38A970D21CC5F892002DBB07 /* CardGameSampel.app */;
			productType = "com.apple.product-type.application";
		};
/* End PBXNativeTarget section */

/* Begin PBXProject section */
		38A970CA1CC5F891002DBB07 /* Project object */ = {
			isa = PBXProject;
			attributes = {
				LastSwiftUpdateCheck = 0730;
				LastUpgradeCheck = 0730;
				ORGANIZATIONNAME = pyngit;
				TargetAttributes = {
					38A970D11CC5F891002DBB07 = {
						CreatedOnToolsVersion = 7.3;
					};
				};
			};
			buildConfigurationList = 38A970CD1CC5F891002DBB07 /* Build configuration list for PBXProject "CardGameSampel" */;
			compatibilityVersion = "Xcode 3.2";
			developmentRegion = English;
			hasScannedForEncodings = 0;
			knownRegions = (
				en,
				Base,
			);
			mainGroup = 38A970C91CC5F891002DBB07;
			productRefGroup = 38A970D31CC5F892002DBB07 /* Products */;
			projectDirPath = "";
			projectRoot = "";
			targets = (
				38A970D11CC5F891002DBB07 /* CardGameSampel */,
			);
		};
/* End PBXProject section */

/* Begin PBXResourcesBuildPhase section */
		38A970D01CC5F891002DBB07 /* Resources */ = {
			isa = PBXResourcesBuildPhase;
			buildActionMask = 2147483647;
			files = (
				38A970E01CC5F892002DBB07 /* LaunchScreen.storyboard in Resources */,
				38A970DD1CC5F892002DBB07 /* Assets.xcassets in Resources */,
				38A970DB1CC5F892002DBB07 /* Main.storyboard in Resources */,
			);
			runOnlyForDeploymentPostprocessing = 0;
		};
/* End PBXResourcesBuildPhase section */

/* Begin PBXSourcesBuildPhase section */
		38A970CE1CC5F891002DBB07 /* Sources */ = {
			isa = PBXSourcesBuildPhase;
			buildActionMask = 2147483647;
			files = (
				38A970EA1CC670E3002DBB07 /* GameScene.swift in Sources */,
				38A970D81CC5F892002DBB07 /* ViewController.swift in Sources */,
				38A970D61CC5F892002DBB07 /* AppDelegate.swift in Sources */,
				38A970EC1CC68411002DBB07 /* Card.swift in Sources */,
			);
			runOnlyForDeploymentPostprocessing = 0;
		};
/* End PBXSourcesBuildPhase section */

/* Begin PBXVariantGroup section */
		38A970D91CC5F892002DBB07 /* Main.storyboard */ = {
			isa = PBXVariantGroup;
			children = (
				38A970DA1CC5F892002DBB07 /* Base */,
			);
			name = Main.storyboard;
			sourceTree = "<group>";
		};
		38A970DE1CC5F892002DBB07 /* LaunchScreen.storyboard */ = {
			isa = PBXVariantGroup;
			children = (
				38A970DF1CC5F892002DBB07 /* Base */,
			);
			name = LaunchScreen.storyboard;
			sourceTree = "<group>";
		};
/* End PBXVariantGroup section */

/* Begin XCBuildConfiguration section */
		38A970E21CC5F892002DBB07 /* Debug */ = {
			isa = XCBuildConfiguration;
			buildSettings = {
				ALWAYS_SEARCH_USER_PATHS = NO;
				CLANG_ANALYZER_NONNULL = YES;
				CLANG_CXX_LANGUAGE_STANDARD = "gnu++0x";
				CLANG_CXX_LIBRARY = "libc++";
				CLANG_ENABLE_MODULES = YES;
				CLANG_ENABLE_OBJC_ARC = YES;
				CLANG_WARN_BOOL_CONVERSION = YES;
				CLANG_WARN_CONSTANT_CONVERSION = YES;
				CLANG_WARN_DIRECT_OBJC_ISA_USAGE = YES_ERROR;
				CLANG_WARN_EMPTY_BODY = YES;
				CLANG_WARN_ENUM_CONVERSION = YES;
				CLANG_WARN_INT_CONVERSION = YES;
				CLANG_WARN_OBJC_ROOT_CLASS = YES_ERROR;
				CLANG_WARN_UNREACHABLE_CODE = YES;
				CLANG_WARN__DUPLICATE_METHOD_MATCH = YES;
				"CODE_SIGN_IDENTITY[sdk=iphoneos*]" = "iPhone Developer";
				COPY_PHASE_STRIP = NO;
				DEBUG_INFORMATION_FORMAT = dwarf;
				ENABLE_STRICT_OBJC_MSGSEND = YES;
				ENABLE_TESTABILITY = YES;
				GCC_C_LANGUAGE_STANDARD = gnu99;
				GCC_DYNAMIC_NO_PIC = NO;
				GCC_NO_COMMON_BLOCKS = YES;
				GCC_OPTIMIZATION_LEVEL = 0;
				GCC_PREPROCESSOR_DEFINITIONS = (
					"DEBUG=1",
					"$(inherited)",
				);
				GCC_WARN_64_TO_32_BIT_CONVERSION = YES;
				GCC_WARN_ABOUT_RETURN_TYPE = YES_ERROR;
				GCC_WARN_UNDECLARED_SELECTOR = YES;
				GCC_WARN_UNINITIALIZED_AUTOS = YES_AGGRESSIVE;
				GCC_WARN_UNUSED_FUNCTION = YES;
				GCC_WARN_UNUSED_VARIABLE = YES;
				IPHONEOS_DEPLOYMENT_TARGET = 9.3;
				MTL_ENABLE_DEBUG_INFO = YES;
				ONLY_ACTIVE_ARCH = YES;
				SDKROOT = iphoneos;
				SWIFT_OPTIMIZATION_LEVEL = "-Onone";
				TARGETED_DEVICE_FAMILY = "1,2";
			};
			name = Debug;
		};
		38A970E31CC5F892002DBB07 /* Release */ = {
			isa = XCBuildConfiguration;
			buildSettings = {
				ALWAYS_SEARCH_USER_PATHS = NO;
				CLANG_ANALYZER_NONNULL = YES;
				CLANG_CXX_LANGUAGE_STANDARD = "gnu++0x";
				CLANG_CXX_LIBRARY = "libc++";
				CLANG_ENABLE_MODULES = YES;
				CLANG_ENABLE_OBJC_ARC = YES;
				CLANG_WARN_BOOL_CONVERSION = YES;
				CLANG_WARN_CONSTANT_CONVERSION = YES;
				CLANG_WARN_DIRECT_OBJC_ISA_USAGE = YES_ERROR;
				CLANG_WARN_EMPTY_BODY = YES;
				CLANG_WARN_ENUM_CONVERSION = YES;
				CLANG_WARN_INT_CONVERSION = YES;
				CLANG_WARN_OBJC_ROOT_CLASS = YES_ERROR;
				CLANG_WARN_UNREACHABLE_CODE = YES;
				CLANG_WARN__DUPLICATE_METHOD_MATCH = YES;
				"CODE_SIGN_IDENTITY[sdk=iphoneos*]" = "iPhone Developer";
				COPY_PHASE_STRIP = NO;
				DEBUG_INFORMATION_FORMAT = "dwarf-with-dsym";
				ENABLE_NS_ASSERTIONS = NO;
				ENABLE_STRICT_OBJC_MSGSEND = YES;
				GCC_C_LANGUAGE_STANDARD = gnu99;
				GCC_NO_COMMON_BLOCKS = YES;
				GCC_WARN_64_TO_32_BIT_CONVERSION = YES;
				GCC_WARN_ABOUT_RETURN_TYPE = YES_ERROR;
				GCC_WARN_UNDECLARED_SELECTOR = YES;
				GCC_WARN_UNINITIALIZED_AUTOS = YES_AGGRESSIVE;
				GCC_WARN_UNUSED_FUNCTION = YES;
				GCC_WARN_UNUSED_VARIABLE = YES;
				IPHONEOS_DEPLOYMENT_TARGET = 9.3;
				MTL_ENABLE_DEBUG_INFO = NO;
				SDKROOT = iphoneos;
				TARGETED_DEVICE_FAMILY = "1,2";
				VALIDATE_PRODUCT = YES;
			};
			name = Release;
		};
		38A970E51CC5F892002DBB07 /* Debug */ = {
			isa = XCBuildConfiguration;
			buildSettings = {
				ASSETCATALOG_COMPILER_APPICON_NAME = AppIcon;
				INFOPLIST_FILE = CardGameSampel/Info.plist;
				IPHONEOS_DEPLOYMENT_TARGET = 8.0;
				LD_RUNPATH_SEARCH_PATHS = "$(inherited) @executable_path/Frameworks";
				PRODUCT_BUNDLE_IDENTIFIER = local.sample.CardGameSampel;
				PRODUCT_NAME = "$(TARGET_NAME)";
			};
			name = Debug;
		};
		38A970E61CC5F892002DBB07 /* Release */ = {
			isa = XCBuildConfiguration;
			buildSettings = {
				ASSETCATALOG_COMPILER_APPICON_NAME = AppIcon;
				INFOPLIST_FILE = CardGameSampel/Info.plist;
				IPHONEOS_DEPLOYMENT_TARGET = 8.0;
				LD_RUNPATH_SEARCH_PATHS = "$(inherited) @executable_path/Frameworks";
				PRODUCT_BUNDLE_IDENTIFIER = local.sample.CardGameSampel;
				PRODUCT_NAME = "$(TARGET_NAME)";
			};
			name = Release;
		};
/* End XCBuildConfiguration section */

/* Begin XCConfigurationList section */
		38A970CD1CC5F891002DBB07 /* Build configuration list for PBXProject "CardGameSampel" */ = {
			isa = XCConfigurationList;
			buildConfigurations = (
				38A970E21CC5F892002DBB07 /* Debug */,
				38A970E31CC5F892002DBB07 /* Release */,
			);
			defaultConfigurationIsVisible = 0;
			defaultConfigurationName = Release;
		};
		38A970E41CC5F892002DBB07 /* Build configuration list for PBXNativeTarget "CardGameSampel" */ = {
			isa = XCConfigurationList;
			buildConfigurations = (
				38A970E51CC5F892002DBB07 /* Debug */,
				38A970E61CC5F892002DBB07 /* Release */,
			);
			defaultConfigurationIsVisible = 0;
		};
/* End XCConfigurationList section */
	};
	rootObject = 38A970CA1CC5F891002DBB07 /* Project object */;
}
